
Microsoft Visual Studio Solution File, Format Version 12.00
# Visual Studio 15
VisualStudioVersion = 15.0.27004.2009
MinimumVisualStudioVersion = 10.0.40219.1
Project("{FAE04EC0-301F-11D3-BF4B-00C04F79EFBC}") = "CW_1.7_25.06", "CW_1.7_25.06\CW_1.7_25.06.csproj", "{F21F65CC-2B98-4AAE-8C2A-056A1AAF9FD9}"
EndProject
Global
	GlobalSection(SolutionConfigurationPlatforms) = preSolution
		Debug|Any CPU = Debug|Any CPU
		Release|Any CPU = Release|Any CPU
	EndGlobalSection
	GlobalSection(ProjectConfigurationPlatforms) = postSolution
		{F21F65CC-2B98-4AAE-8C2A-056A1AAF9FD9}.Debug|Any CPU.ActiveCfg = Debug|Any CPU
		{F21F65CC-2B98-4AAE-8C2A-056A1AAF9FD9}.Debug|Any CPU.Build.0 = Debug|Any CPU
		{F21F65CC-2B98-4AAE-8C2A-056A1AAF9FD9}.Release|Any CPU.ActiveCfg = Release|Any CPU
		{F21F65CC-2B98-4AAE-8C2A-056A1AAF9FD9}.Release|Any CPU.Build.0 = Release|Any CPU
	EndGlobalSection
	GlobalSection(SolutionProperties) = preSolution
		HideSolutionNode = FALSE
	EndGlobalSection
	GlobalSection(ExtensibilityGlobals) = postSolution
		SolutionGuid = {EFE53B2D-9EC2-421A-B443-885A3F566B93}
	EndGlobalSection
EndGlobal
